
Microsoft Visual Studio Solution File, Format Version 12.00
# Visual Studio 15
VisualStudioVersion = 15.0.26730.15
MinimumVisualStudioVersion = 10.0.40219.1
Project("{F2A71F9B-5D33-465A-A702-920D77279786}") = "judecca_core", "judecca_core\judecca_core.fsproj", "{84FBA851-0AFF-4B43-883F-CE0164159FB0}"
EndProject
Project("{F2A71F9B-5D33-465A-A702-920D77279786}") = "judecca", "..\judecca\judecca.fsproj", "{69DA8249-73BC-48CE-8952-B29AD081A9FD}"
EndProject
Project("{F2A71F9B-5D33-465A-A702-920D77279786}") = "unit_test", "unit_test\unit_test.fsproj", "{02EFD932-C714-4AB0-A95A-D7A2C448831E}"
EndProject
Global
	GlobalSection(SolutionConfigurationPlatforms) = preSolution
		Debug|Any CPU = Debug|Any CPU
		Release|Any CPU = Release|Any CPU
	EndGlobalSection
	GlobalSection(ProjectConfigurationPlatforms) = postSolution
		{84FBA851-0AFF-4B43-883F-CE0164159FB0}.Debug|Any CPU.ActiveCfg = Debug|Any CPU
		{84FBA851-0AFF-4B43-883F-CE0164159FB0}.Debug|Any CPU.Build.0 = Debug|Any CPU
		{84FBA851-0AFF-4B43-883F-CE0164159FB0}.Release|Any CPU.ActiveCfg = Release|Any CPU
		{84FBA851-0AFF-4B43-883F-CE0164159FB0}.Release|Any CPU.Build.0 = Release|Any CPU
		{69DA8249-73BC-48CE-8952-B29AD081A9FD}.Debug|Any CPU.ActiveCfg = Debug|Any CPU
		{69DA8249-73BC-48CE-8952-B29AD081A9FD}.Debug|Any CPU.Build.0 = Debug|Any CPU
		{69DA8249-73BC-48CE-8952-B29AD081A9FD}.Release|Any CPU.ActiveCfg = Release|Any CPU
		{69DA8249-73BC-48CE-8952-B29AD081A9FD}.Release|Any CPU.Build.0 = Release|Any CPU
		{02EFD932-C714-4AB0-A95A-D7A2C448831E}.Debug|Any CPU.ActiveCfg = Debug|Any CPU
		{02EFD932-C714-4AB0-A95A-D7A2C448831E}.Debug|Any CPU.Build.0 = Debug|Any CPU
		{02EFD932-C714-4AB0-A95A-D7A2C448831E}.Release|Any CPU.ActiveCfg = Release|Any CPU
		{02EFD932-C714-4AB0-A95A-D7A2C448831E}.Release|Any CPU.Build.0 = Release|Any CPU
	EndGlobalSection
	GlobalSection(SolutionProperties) = preSolution
		HideSolutionNode = FALSE
	EndGlobalSection
	GlobalSection(ExtensibilityGlobals) = postSolution
		SolutionGuid = {80321365-7B38-4D9E-8007-70497487ADCA}
	EndGlobalSection
EndGlobal
